
Microsoft Visual Studio Solution File, Format Version 12.00
# Visual Studio 15
VisualStudioVersion = 15.0.28307.136
MinimumVisualStudioVersion = 10.0.40219.1
Project("{FAE04EC0-301F-11D3-BF4B-00C04F79EFBC}") = "Project_PA_1", "Project_PA_1.csproj", "{F960F490-D68B-44CB-A728-BB286ED5D9B1}"
EndProject
Global
	GlobalSection(SolutionConfigurationPlatforms) = preSolution
		Debug|Any CPU = Debug|Any CPU
		Release|Any CPU = Release|Any CPU
	EndGlobalSection
	GlobalSection(ProjectConfigurationPlatforms) = postSolution
		{F960F490-D68B-44CB-A728-BB286ED5D9B1}.Debug|Any CPU.ActiveCfg = Debug|Any CPU
		{F960F490-D68B-44CB-A728-BB286ED5D9B1}.Debug|Any CPU.Build.0 = Debug|Any CPU
		{F960F490-D68B-44CB-A728-BB286ED5D9B1}.Release|Any CPU.ActiveCfg = Release|Any CPU
		{F960F490-D68B-44CB-A728-BB286ED5D9B1}.Release|Any CPU.Build.0 = Release|Any CPU
	EndGlobalSection
	GlobalSection(SolutionProperties) = preSolution
		HideSolutionNode = FALSE
	EndGlobalSection
	GlobalSection(ExtensibilityGlobals) = postSolution
		SolutionGuid = {B64654AC-F73F-4CF2-A9C5-245A78FBC7B2}
	EndGlobalSection
EndGlobal
